
Microsoft Visual Studio Solution File, Format Version 12.00
# Visual Studio Version 17
VisualStudioVersion = 17.0.32112.339
MinimumVisualStudioVersion = 10.0.40219.1
Project("{9A19103F-16F7-4668-BE54-9A1E7A4F7556}") = "NoahStolk.OpenAlBindings", "NoahStolk.OpenAlBindings\NoahStolk.OpenAlBindings.csproj", "{CC391502-7532-4556-87B8-2F43F2700AE7}"
EndProject
Project("{2150E333-8FDC-42A3-9474-1A3956D46DE8}") = "Solution Items", "Solution Items", "{7D30696B-7326-4423-9AA8-7D7DFB2641A2}"
	ProjectSection(SolutionItems) = preProject
		.editorconfig = .editorconfig
		.gitattributes = .gitattributes
		.gitignore = .gitignore
		.github\workflows\ci.yml = .github\workflows\ci.yml
		README.md = README.md
		.github\workflows\release.yml = .github\workflows\release.yml
	EndProjectSection
EndProject
Global
	GlobalSection(SolutionConfigurationPlatforms) = preSolution
		Debug|Any CPU = Debug|Any CPU
		Release|Any CPU = Release|Any CPU
	EndGlobalSection
	GlobalSection(ProjectConfigurationPlatforms) = postSolution
		{CC391502-7532-4556-87B8-2F43F2700AE7}.Debug|Any CPU.ActiveCfg = Debug|Any CPU
		{CC391502-7532-4556-87B8-2F43F2700AE7}.Debug|Any CPU.Build.0 = Debug|Any CPU
		{CC391502-7532-4556-87B8-2F43F2700AE7}.Release|Any CPU.ActiveCfg = Release|Any CPU
		{CC391502-7532-4556-87B8-2F43F2700AE7}.Release|Any CPU.Build.0 = Release|Any CPU
	EndGlobalSection
	GlobalSection(SolutionProperties) = preSolution
		HideSolutionNode = FALSE
	EndGlobalSection
	GlobalSection(ExtensibilityGlobals) = postSolution
		SolutionGuid = {266C3C90-0DD2-42CF-9399-7BA4B2FD40C8}
	EndGlobalSection
EndGlobal
